
Microsoft Visual Studio Solution File, Format Version 12.00
# Visual Studio 15
VisualStudioVersion = 15.0.28010.2016
MinimumVisualStudioVersion = 10.0.40219.1
Project("{FAE04EC0-301F-11D3-BF4B-00C04F79EFBC}") = "PastebinStaticWebBuilder", "PastebinStaticWebBuilder\PastebinStaticWebBuilder.csproj", "{632DE952-20AF-4327-92DC-02C5271063D6}"
EndProject
Project("{9A19103F-16F7-4668-BE54-9A1E7A4F7556}") = "MongoDB", "..\PastebinAnalysis\PastebinAnalysis\Services\DatabaseServices\MongoDB\MongoDB.csproj", "{5DAA1283-C210-4361-8C9E-92A6C4F92CC1}"
EndProject
Global
	GlobalSection(SolutionConfigurationPlatforms) = preSolution
		Debug|Any CPU = Debug|Any CPU
		Release|Any CPU = Release|Any CPU
	EndGlobalSection
	GlobalSection(ProjectConfigurationPlatforms) = postSolution
		{632DE952-20AF-4327-92DC-02C5271063D6}.Debug|Any CPU.ActiveCfg = Debug|Any CPU
		{632DE952-20AF-4327-92DC-02C5271063D6}.Debug|Any CPU.Build.0 = Debug|Any CPU
		{632DE952-20AF-4327-92DC-02C5271063D6}.Release|Any CPU.ActiveCfg = Release|Any CPU
		{632DE952-20AF-4327-92DC-02C5271063D6}.Release|Any CPU.Build.0 = Release|Any CPU
		{5DAA1283-C210-4361-8C9E-92A6C4F92CC1}.Debug|Any CPU.ActiveCfg = Debug|Any CPU
		{5DAA1283-C210-4361-8C9E-92A6C4F92CC1}.Debug|Any CPU.Build.0 = Debug|Any CPU
		{5DAA1283-C210-4361-8C9E-92A6C4F92CC1}.Release|Any CPU.ActiveCfg = Release|Any CPU
		{5DAA1283-C210-4361-8C9E-92A6C4F92CC1}.Release|Any CPU.Build.0 = Release|Any CPU
	EndGlobalSection
	GlobalSection(SolutionProperties) = preSolution
		HideSolutionNode = FALSE
	EndGlobalSection
	GlobalSection(ExtensibilityGlobals) = postSolution
		SolutionGuid = {DFC88826-1456-40D3-9882-4E268BCDA0D9}
	EndGlobalSection
EndGlobal
